
Microsoft Visual Studio Solution File, Format Version 12.00
# Visual Studio 2012
Project("{FAE04EC0-301F-11D3-BF4B-00C04F79EFBC}") = "WebAPIPrototypeA", "WebAPIPrototypeA\WebAPIPrototypeA.csproj", "{323EB8A3-9192-4373-813A-D5CB61F85F79}"
EndProject
Project("{FAE04EC0-301F-11D3-BF4B-00C04F79EFBC}") = "WebAPIPrototypeA.Tests", "WebAPIPrototypeA.Tests\WebAPIPrototypeA.Tests.csproj", "{6AA76686-1EF8-4013-A509-3FF210D17352}"
EndProject
Global
	GlobalSection(SolutionConfigurationPlatforms) = preSolution
		Debug|Any CPU = Debug|Any CPU
		Release|Any CPU = Release|Any CPU
	EndGlobalSection
	GlobalSection(ProjectConfigurationPlatforms) = postSolution
		{323EB8A3-9192-4373-813A-D5CB61F85F79}.Debug|Any CPU.ActiveCfg = Debug|Any CPU
		{323EB8A3-9192-4373-813A-D5CB61F85F79}.Debug|Any CPU.Build.0 = Debug|Any CPU
		{323EB8A3-9192-4373-813A-D5CB61F85F79}.Release|Any CPU.ActiveCfg = Release|Any CPU
		{323EB8A3-9192-4373-813A-D5CB61F85F79}.Release|Any CPU.Build.0 = Release|Any CPU
		{6AA76686-1EF8-4013-A509-3FF210D17352}.Debug|Any CPU.ActiveCfg = Debug|Any CPU
		{6AA76686-1EF8-4013-A509-3FF210D17352}.Debug|Any CPU.Build.0 = Debug|Any CPU
		{6AA76686-1EF8-4013-A509-3FF210D17352}.Release|Any CPU.ActiveCfg = Release|Any CPU
		{6AA76686-1EF8-4013-A509-3FF210D17352}.Release|Any CPU.Build.0 = Release|Any CPU
	EndGlobalSection
EndGlobal
